
Microsoft Visual Studio Solution File, Format Version 12.00
# Visual Studio 15
VisualStudioVersion = 15.0.28010.2016
MinimumVisualStudioVersion = 10.0.40219.1
Project("{FAE04EC0-301F-11D3-BF4B-00C04F79EFBC}") = "CallingHubFromController", "CallingHubFromController\CallingHubFromController.csproj", "{BC135E62-8567-4C14-A273-128B2A3F1AD7}"
EndProject
Global
	GlobalSection(SolutionConfigurationPlatforms) = preSolution
		Debug|Any CPU = Debug|Any CPU
		Release|Any CPU = Release|Any CPU
	EndGlobalSection
	GlobalSection(ProjectConfigurationPlatforms) = postSolution
		{BC135E62-8567-4C14-A273-128B2A3F1AD7}.Debug|Any CPU.ActiveCfg = Debug|Any CPU
		{BC135E62-8567-4C14-A273-128B2A3F1AD7}.Debug|Any CPU.Build.0 = Debug|Any CPU
		{BC135E62-8567-4C14-A273-128B2A3F1AD7}.Release|Any CPU.ActiveCfg = Release|Any CPU
		{BC135E62-8567-4C14-A273-128B2A3F1AD7}.Release|Any CPU.Build.0 = Release|Any CPU
	EndGlobalSection
	GlobalSection(SolutionProperties) = preSolution
		HideSolutionNode = FALSE
	EndGlobalSection
	GlobalSection(ExtensibilityGlobals) = postSolution
		SolutionGuid = {A5F199A3-B1EB-4087-BD52-D785C500CBD5}
	EndGlobalSection
EndGlobal
